PODS:
  - Masonry (1.1.0)
  - MBProgressHUD (1.2.0)
  - SDWebImage (5.9.1):
    - SDWebImage/Core (= 5.9.1)
  - SDWebImage/Core (5.9.1)
  - TQCategotyKit (6):
    - Masonry
    - MBProgressHUD
    - SDWebImage

DEPENDENCIES:
  - Masonry
  - MBProgressHUD
  - SDWebImage
  - TQCategotyKit (from `../`)

SPEC REPOS:
  trunk:
    - Masonry
    - MBProgressHUD
    - SDWebImage

EXTERNAL SOURCES:
  TQCategotyKit:
    :path: "../"

SPEC CHECKSUMS:
  Masonry: 678fab65091a9290e40e2832a55e7ab731aad201
  MBProgressHUD: 3ee5efcc380f6a79a7cc9b363dd669c5e1ae7406
  SDWebImage: a990c053fff71e388a10f3357edb0be17929c9c5
  TQCategotyKit: 7886e8bc0842a39f38b30d2cadafe1db2ca2e915

PODFILE CHECKSUM: 40c5a2090716317344593459613bd7a2f5b99007

COCOAPODS: 1.8.4
